
Microsoft Visual Studio Solution File, Format Version 12.00
# Visual Studio Version 17
VisualStudioVersion = 17.7.34009.444
MinimumVisualStudioVersion = 10.0.40219.1
Project("{2150E333-8FDC-42A3-9474-1A3956D46DE8}") = "LT", "LT", "{0C482235-7A87-4674-9B10-6F602E0897FD}"
EndProject
Project("{FAE04EC0-301F-11D3-BF4B-00C04F79EFBC}") = "SearchingAlgorithms", "SearchingAlgorithms\SearchingAlgorithms.csproj", "{B437CD9F-FC03-436F-B1E6-568A40B3A817}"
EndProject
Global
	GlobalSection(SolutionConfigurationPlatforms) = preSolution
		Debug|Any CPU = Debug|Any CPU
		Release|Any CPU = Release|Any CPU
	EndGlobalSection
	GlobalSection(ProjectConfigurationPlatforms) = postSolution
		{B437CD9F-FC03-436F-B1E6-568A40B3A817}.Debug|Any CPU.ActiveCfg = Debug|Any CPU
		{B437CD9F-FC03-436F-B1E6-568A40B3A817}.Debug|Any CPU.Build.0 = Debug|Any CPU
		{B437CD9F-FC03-436F-B1E6-568A40B3A817}.Release|Any CPU.ActiveCfg = Release|Any CPU
		{B437CD9F-FC03-436F-B1E6-568A40B3A817}.Release|Any CPU.Build.0 = Release|Any CPU
	EndGlobalSection
	GlobalSection(SolutionProperties) = preSolution
		HideSolutionNode = FALSE
	EndGlobalSection
	GlobalSection(NestedProjects) = preSolution
		{B437CD9F-FC03-436F-B1E6-568A40B3A817} = {0C482235-7A87-4674-9B10-6F602E0897FD}
	EndGlobalSection
	GlobalSection(ExtensibilityGlobals) = postSolution
		SolutionGuid = {C1B25DF4-A9E5-46E4-8F08-96FE9A0E8023}
	EndGlobalSection
EndGlobal
